
Microsoft Visual Studio Solution File, Format Version 12.00
# Visual Studio 2012
Project("{FAE04EC0-301F-11D3-BF4B-00C04F79EFBC}") = "WcfBasic", "WcfBasic\WcfBasic.csproj", "{33C597C2-F24D-44A2-991C-39B9649D8597}"
EndProject
Project("{FAE04EC0-301F-11D3-BF4B-00C04F79EFBC}") = "WcfClient", "WcfClient\WcfClient.csproj", "{977FEF78-43EF-480A-A6D2-781AA73003D0}"
EndProject
Global
	GlobalSection(SolutionConfigurationPlatforms) = preSolution
		Debug|Any CPU = Debug|Any CPU
		Release|Any CPU = Release|Any CPU
	EndGlobalSection
	GlobalSection(ProjectConfigurationPlatforms) = postSolution
		{33C597C2-F24D-44A2-991C-39B9649D8597}.Debug|Any CPU.ActiveCfg = Debug|Any CPU
		{33C597C2-F24D-44A2-991C-39B9649D8597}.Debug|Any CPU.Build.0 = Debug|Any CPU
		{33C597C2-F24D-44A2-991C-39B9649D8597}.Release|Any CPU.ActiveCfg = Release|Any CPU
		{33C597C2-F24D-44A2-991C-39B9649D8597}.Release|Any CPU.Build.0 = Release|Any CPU
		{977FEF78-43EF-480A-A6D2-781AA73003D0}.Debug|Any CPU.ActiveCfg = Debug|Any CPU
		{977FEF78-43EF-480A-A6D2-781AA73003D0}.Debug|Any CPU.Build.0 = Debug|Any CPU
		{977FEF78-43EF-480A-A6D2-781AA73003D0}.Release|Any CPU.ActiveCfg = Release|Any CPU
		{977FEF78-43EF-480A-A6D2-781AA73003D0}.Release|Any CPU.Build.0 = Release|Any CPU
	EndGlobalSection
	GlobalSection(SolutionProperties) = preSolution
		HideSolutionNode = FALSE
	EndGlobalSection
EndGlobal
